
Microsoft Visual Studio Solution File, Format Version 12.00
# Visual Studio 11
Project("{FAE04EC0-301F-11D3-BF4B-00C04F79EFBC}") = "TcpServer_LV", "TcpServer_LV\TcpServer_LV.csproj", "{C0AB2FFE-9663-4657-86ED-D06BBA45100D}"
EndProject
Global
	GlobalSection(SolutionConfigurationPlatforms) = preSolution
		Debug|Any CPU = Debug|Any CPU
		Release|Any CPU = Release|Any CPU
	EndGlobalSection
	GlobalSection(ProjectConfigurationPlatforms) = postSolution
		{C0AB2FFE-9663-4657-86ED-D06BBA45100D}.Debug|Any CPU.ActiveCfg = Debug|Any CPU
		{C0AB2FFE-9663-4657-86ED-D06BBA45100D}.Debug|Any CPU.Build.0 = Debug|Any CPU
		{C0AB2FFE-9663-4657-86ED-D06BBA45100D}.Release|Any CPU.ActiveCfg = Release|Any CPU
		{C0AB2FFE-9663-4657-86ED-D06BBA45100D}.Release|Any CPU.Build.0 = Release|Any CPU
	EndGlobalSection
	GlobalSection(SolutionProperties) = preSolution
		HideSolutionNode = FALSE
	EndGlobalSection
EndGlobal
